{
  "name": "pubsub-router-global",
  "version": "0.3.1",
  "lockfileVersion": 1,
  "requires": true,
  "dependencies": {
    "@types/route-parser": {
      "version": "0.1.3",
      "resolved": "https://registry.npmjs.org/@types/route-parser/-/route-parser-0.1.3.tgz",
      "integrity": "sha512-1AQYpsMbxangSnApsyIHzck5TP8cfas8fzmemljLi2APssJvlZiHkTar/ZtcZwOtK/Ory/xwLg2X8dwhkbnM+g=="
    },
    "pubsub-router": {
      "version": "0.8.1",
      "resolved": "https://registry.npmjs.org/pubsub-router/-/pubsub-router-0.8.1.tgz",
      "integrity": "sha512-Zp2H5VGSVjOuJnctzxySNSCHxpT6TFZV7DIx+T0AIxWtH90pGaIE6Ygm/Kkd38Wccq4RwS/EjcIa3VrySoeQyg==",
      "requires": {
        "@types/route-parser": "^0.1.3",
        "route-parser": "0.0.5",
        "yield-uid": "^0.1.0"
      }
    },
    "route-parser": {
      "version": "0.0.5",
      "resolved": "https://registry.npmjs.org/route-parser/-/route-parser-0.0.5.tgz",
      "integrity": "sha1-fR0J0zXkkJQDHqFpkaSnmwG74fQ="
    },
    "tsc": {
      "version": "1.20150623.0",
      "resolved": "https://registry.npmjs.org/tsc/-/tsc-1.20150623.0.tgz",
      "integrity": "sha1-Trw8d04WkUjLx2inNCUz8ILHpuU=",
      "dev": true
    },
    "typescript": {
      "version": "3.6.4",
      "resolved": "https://registry.npmjs.org/typescript/-/typescript-3.6.4.tgz",
      "integrity": "sha512-unoCll1+l+YK4i4F8f22TaNVPRHcD9PA3yCuZ8g5e0qGqlVlJ/8FSateOLLSagn+Yg5+ZwuPkL8LFUc0Jcvksg==",
      "dev": true
    },
    "whenthough": {
      "version": "0.2.2",
      "resolved": "https://registry.npmjs.org/whenthough/-/whenthough-0.2.2.tgz",
      "integrity": "sha512-JVkVE+IMXaJBS3BRoiWckl0jzU11/ICIUsXjG89jhO+ck1Tt8rPh6N7MZDmGj4+czwBqpXokjjyQy6WMxUCJHA==",
      "requires": {
        "yield-uid": "^0.1.0"
      }
    },
    "yield-uid": {
      "version": "0.1.0",
      "resolved": "https://registry.npmjs.org/yield-uid/-/yield-uid-0.1.0.tgz",
      "integrity": "sha512-GsmWEoqDkRl0hVghx8/W4n0JO6fXRg1T8fPyzftnp8/4hIorM7Jfuf0XwM1r1AeVOjYSY8/2mXYonH8+Q56w8A=="
    }
  }
}
